
Microsoft Visual Studio Solution File, Format Version 12.00
# Visual Studio Version 17
VisualStudioVersion = 17.8.34525.116
MinimumVisualStudioVersion = 10.0.40219.1
Project("{FAE04EC0-301F-11D3-BF4B-00C04F79EFBC}") = "dotnet_revitPlugin", "dotnet_revitPlugin\dotnet_revitPlugin.csproj", "{B4F660AC-EBC7-4B10-B790-957F891E46BE}"
EndProject
Global
	GlobalSection(SolutionConfigurationPlatforms) = preSolution
		Debug|Any CPU = Debug|Any CPU
		Release|Any CPU = Release|Any CPU
	EndGlobalSection
	GlobalSection(ProjectConfigurationPlatforms) = postSolution
		{B4F660AC-EBC7-4B10-B790-957F891E46BE}.Debug|Any CPU.ActiveCfg = Debug|Any CPU
		{B4F660AC-EBC7-4B10-B790-957F891E46BE}.Debug|Any CPU.Build.0 = Debug|Any CPU
		{B4F660AC-EBC7-4B10-B790-957F891E46BE}.Release|Any CPU.ActiveCfg = Release|Any CPU
		{B4F660AC-EBC7-4B10-B790-957F891E46BE}.Release|Any CPU.Build.0 = Release|Any CPU
	EndGlobalSection
	GlobalSection(SolutionProperties) = preSolution
		HideSolutionNode = FALSE
	EndGlobalSection
	GlobalSection(ExtensibilityGlobals) = postSolution
		SolutionGuid = {83C83218-303F-4EED-8BC7-35F157DA1A08}
	EndGlobalSection
EndGlobal
